
Microsoft Visual Studio Solution File, Format Version 12.00
# Visual Studio Version 17
VisualStudioVersion = 17.8.34511.84
MinimumVisualStudioVersion = 10.0.40219.1
Project("{FAE04EC0-301F-11D3-BF4B-00C04F79EFBC}") = "WebPostgreSQL", "WebPostgreSQL\WebPostgreSQL.csproj", "{C43D31F2-9ABC-45E5-B318-BF2277FE2353}"
EndProject
Global
	GlobalSection(SolutionConfigurationPlatforms) = preSolution
		Debug|Any CPU = Debug|Any CPU
		Release|Any CPU = Release|Any CPU
	EndGlobalSection
	GlobalSection(ProjectConfigurationPlatforms) = postSolution
		{C43D31F2-9ABC-45E5-B318-BF2277FE2353}.Debug|Any CPU.ActiveCfg = Debug|Any CPU
		{C43D31F2-9ABC-45E5-B318-BF2277FE2353}.Debug|Any CPU.Build.0 = Debug|Any CPU
		{C43D31F2-9ABC-45E5-B318-BF2277FE2353}.Release|Any CPU.ActiveCfg = Release|Any CPU
		{C43D31F2-9ABC-45E5-B318-BF2277FE2353}.Release|Any CPU.Build.0 = Release|Any CPU
	EndGlobalSection
	GlobalSection(SolutionProperties) = preSolution
		HideSolutionNode = FALSE
	EndGlobalSection
	GlobalSection(ExtensibilityGlobals) = postSolution
		SolutionGuid = {FED43500-9B46-464A-8F2B-B383037B99D8}
	EndGlobalSection
EndGlobal
